
Microsoft Visual Studio Solution File, Format Version 12.00
# Visual Studio Version 16
VisualStudioVersion = 16.0.30114.105
MinimumVisualStudioVersion = 10.0.40219.1
Project("{FAE04EC0-301F-11D3-BF4B-00C04F79EFBC}") = "API", "API\API.csproj", "{EC7A3080-F878-4BF5-A67D-B3881DDB215A}"
EndProject
Project("{FAE04EC0-301F-11D3-BF4B-00C04F79EFBC}") = "Core", "Core\Core.csproj", "{708E8ACC-BBFD-48F9-B00E-5471537F0B15}"
EndProject
Project("{FAE04EC0-301F-11D3-BF4B-00C04F79EFBC}") = "Infrastructure", "Infrastructure\Infrastructure.csproj", "{68FE5232-1E70-4FE2-85E1-45B762046A3F}"
EndProject
Global
	GlobalSection(SolutionConfigurationPlatforms) = preSolution
		Debug|Any CPU = Debug|Any CPU
		Release|Any CPU = Release|Any CPU
	EndGlobalSection
	GlobalSection(SolutionProperties) = preSolution
		HideSolutionNode = FALSE
	EndGlobalSection
	GlobalSection(ProjectConfigurationPlatforms) = postSolution
		{EC7A3080-F878-4BF5-A67D-B3881DDB215A}.Debug|Any CPU.ActiveCfg = Debug|Any CPU
		{EC7A3080-F878-4BF5-A67D-B3881DDB215A}.Debug|Any CPU.Build.0 = Debug|Any CPU
		{EC7A3080-F878-4BF5-A67D-B3881DDB215A}.Release|Any CPU.ActiveCfg = Release|Any CPU
		{EC7A3080-F878-4BF5-A67D-B3881DDB215A}.Release|Any CPU.Build.0 = Release|Any CPU
		{708E8ACC-BBFD-48F9-B00E-5471537F0B15}.Debug|Any CPU.ActiveCfg = Debug|Any CPU
		{708E8ACC-BBFD-48F9-B00E-5471537F0B15}.Debug|Any CPU.Build.0 = Debug|Any CPU
		{708E8ACC-BBFD-48F9-B00E-5471537F0B15}.Release|Any CPU.ActiveCfg = Release|Any CPU
		{708E8ACC-BBFD-48F9-B00E-5471537F0B15}.Release|Any CPU.Build.0 = Release|Any CPU
		{68FE5232-1E70-4FE2-85E1-45B762046A3F}.Debug|Any CPU.ActiveCfg = Debug|Any CPU
		{68FE5232-1E70-4FE2-85E1-45B762046A3F}.Debug|Any CPU.Build.0 = Debug|Any CPU
		{68FE5232-1E70-4FE2-85E1-45B762046A3F}.Release|Any CPU.ActiveCfg = Release|Any CPU
		{68FE5232-1E70-4FE2-85E1-45B762046A3F}.Release|Any CPU.Build.0 = Release|Any CPU
	EndGlobalSection
EndGlobal
